
Microsoft Visual Studio Solution File, Format Version 12.00
# Visual Studio Version 17
VisualStudioVersion = 17.9.34616.47
MinimumVisualStudioVersion = 10.0.40219.1
Project("{FAE04EC0-301F-11D3-BF4B-00C04F79EFBC}") = "MigrationOluşturma", "MigrationOluşturma\MigrationOluşturma.csproj", "{CA4CA552-3AEF-4FA1-8A5A-671D5AECA87E}"
EndProject
Global
	GlobalSection(SolutionConfigurationPlatforms) = preSolution
		Debug|Any CPU = Debug|Any CPU
		Release|Any CPU = Release|Any CPU
	EndGlobalSection
	GlobalSection(ProjectConfigurationPlatforms) = postSolution
		{CA4CA552-3AEF-4FA1-8A5A-671D5AECA87E}.Debug|Any CPU.ActiveCfg = Debug|Any CPU
		{CA4CA552-3AEF-4FA1-8A5A-671D5AECA87E}.Debug|Any CPU.Build.0 = Debug|Any CPU
		{CA4CA552-3AEF-4FA1-8A5A-671D5AECA87E}.Release|Any CPU.ActiveCfg = Release|Any CPU
		{CA4CA552-3AEF-4FA1-8A5A-671D5AECA87E}.Release|Any CPU.Build.0 = Release|Any CPU
	EndGlobalSection
	GlobalSection(SolutionProperties) = preSolution
		HideSolutionNode = FALSE
	EndGlobalSection
	GlobalSection(ExtensibilityGlobals) = postSolution
		SolutionGuid = {DF4A5121-67EE-40C1-B8CD-0A4B73B1FBB5}
	EndGlobalSection
EndGlobal
